
Microsoft Visual Studio Solution File, Format Version 12.00
# Visual Studio Version 17
VisualStudioVersion = 17.3.32922.545
MinimumVisualStudioVersion = 10.0.40219.1
Project("{FAE04EC0-301F-11D3-BF4B-00C04F79EFBC}") = "WebApiUniversidad", "WebApiUniversidad\WebApiUniversidad.csproj", "{67949BF2-1383-43C1-A144-38A454249BED}"
EndProject
Global
	GlobalSection(SolutionConfigurationPlatforms) = preSolution
		Debug|Any CPU = Debug|Any CPU
		Release|Any CPU = Release|Any CPU
	EndGlobalSection
	GlobalSection(ProjectConfigurationPlatforms) = postSolution
		{67949BF2-1383-43C1-A144-38A454249BED}.Debug|Any CPU.ActiveCfg = Debug|Any CPU
		{67949BF2-1383-43C1-A144-38A454249BED}.Debug|Any CPU.Build.0 = Debug|Any CPU
		{67949BF2-1383-43C1-A144-38A454249BED}.Release|Any CPU.ActiveCfg = Release|Any CPU
		{67949BF2-1383-43C1-A144-38A454249BED}.Release|Any CPU.Build.0 = Release|Any CPU
	EndGlobalSection
	GlobalSection(SolutionProperties) = preSolution
		HideSolutionNode = FALSE
	EndGlobalSection
	GlobalSection(ExtensibilityGlobals) = postSolution
		SolutionGuid = {04F4612B-2D02-40F4-BAB3-2E56F6388AA2}
	EndGlobalSection
EndGlobal
